// !$*UTF8*$!
{
	archiveVersion = 1;
	classes = {
	};
	objectVersion = 55;
	objects = {

/* Begin PBXBuildFile section */
		4D7B4E9D28BAA9CE001CD094 /* AppDelegate.swift in Sources */ = {isa = PBXBuildFile; fileRef = 4D7B4E9C28BAA9CE001CD094 /* AppDelegate.swift */; };
		4D7B4E9F28BAA9CE001CD094 /* SceneDelegate.swift in Sources */ = {isa = PBXBuildFile; fileRef = 4D7B4E9E28BAA9CE001CD094 /* SceneDelegate.swift */; };
		4D7B4EA128BAA9CE001CD094 /* ViewController.swift in Sources */ = {isa = PBXBuildFile; fileRef = 4D7B4EA028BAA9CE001CD094 /* ViewController.swift */; };
		4D7B4EA428BAA9CE001CD094 /* Main.storyboard in Resources */ = {isa = PBXBuildFile; fileRef = 4D7B4EA228BAA9CE001CD094 /* Main.storyboard */; };
		4D7B4EA628BAA9CF001CD094 /* Assets.xcassets in Resources */ = {isa = PBXBuildFile; fileRef = 4D7B4EA528BAA9CF001CD094 /* Assets.xcassets */; };
		4D7B4EA928BAA9CF001CD094 /* LaunchScreen.storyboard in Resources */ = {isa = PBXBuildFile; fileRef = 4D7B4EA728BAA9CF001CD094 /* LaunchScreen.storyboard */; };
		4D7B4EB428BAA9CF001CD094 /* SportKozarTests.swift in Sources */ = {isa = PBXBuildFile; fileRef = 4D7B4EB328BAA9CF001CD094 /* SportKozarTests.swift */; };
		4D7B4EBE28BAA9CF001CD094 /* SportKozarUITests.swift in Sources */ = {isa = PBXBuildFile; fileRef = 4D7B4EBD28BAA9CF001CD094 /* SportKozarUITests.swift */; };
		4D7B4EC028BAA9CF001CD094 /* SportKozarUITestsLaunchTests.swift in Sources */ = {isa = PBXBuildFile; fileRef = 4D7B4EBF28BAA9CF001CD094 /* SportKozarUITestsLaunchTests.swift */; };
/* End PBXBuildFile section */

/* Begin PBXContainerItemProxy section */
		4D7B4EB028BAA9CF001CD094 /* PBXContainerItemProxy */ = {
			isa = PBXContainerItemProxy;
			containerPortal = 4D7B4E9128BAA9CE001CD094 /* Project object */;
			proxyType = 1;
			remoteGlobalIDString = 4D7B4E9828BAA9CE001CD094;
			remoteInfo = SportKozar;
		};
		4D7B4EBA28BAA9CF001CD094 /* PBXContainerItemProxy */ = {
			isa = PBXContainerItemProxy;
			containerPortal = 4D7B4E9128BAA9CE001CD094 /* Project object */;
			proxyType = 1;
			remoteGlobalIDString = 4D7B4E9828BAA9CE001CD094;
			remoteInfo = SportKozar;
		};
/* End PBXContainerItemProxy section */

/* Begin PBXFileReference section */
		4D7B4E9928BAA9CE001CD094 /* SportKozar.app */ = {isa = PBXFileReference; explicitFileType = wrapper.application; includeInIndex = 0; path = SportKozar.app; sourceTree = BUILT_PRODUCTS_DIR; };
		4D7B4E9C28BAA9CE001CD094 /* AppDelegate.swift */ = {isa = PBXFileReference; lastKnownFileType = sourcecode.swift; path = AppDelegate.swift; sourceTree = "<group>"; };
		4D7B4E9E28BAA9CE001CD094 /* SceneDelegate.swift */ = {isa = PBXFileReference; lastKnownFileType = sourcecode.swift; path = SceneDelegate.swift; sourceTree = "<group>"; };
		4D7B4EA028BAA9CE001CD094 /* ViewController.swift */ = {isa = PBXFileReference; lastKnownFileType = sourcecode.swift; path = ViewController.swift; sourceTree = "<group>"; };
		4D7B4EA328BAA9CE001CD094 /* Base */ = {isa = PBXFileReference; lastKnownFileType = file.storyboard; name = Base; path = Base.lproj/Main.storyboard; sourceTree = "<group>"; };
		4D7B4EA528BAA9CF001CD094 /* Assets.xcassets */ = {isa = PBXFileReference; lastKnownFileType = folder.assetcatalog; path = Assets.xcassets; sourceTree = "<group>"; };
		4D7B4EA828BAA9CF001CD094 /* Base */ = {isa = PBXFileReference; lastKnownFileType = file.storyboard; name = Base; path = Base.lproj/LaunchScreen.storyboard; sourceTree = "<group>"; };
		4D7B4EAA28BAA9CF001CD094 /* Info.plist */ = {isa = PBXFileReference; lastKnownFileType = text.plist.xml; path = Info.plist; sourceTree = "<group>"; };
		4D7B4EAF28BAA9CF001CD094 /* SportKozarTests.xctest */ = {isa = PBXFileReference; explicitFileType = wrapper.cfbundle; includeInIndex = 0; path = SportKozarTests.xctest; sourceTree = BUILT_PRODUCTS_DIR; };
		4D7B4EB328BAA9CF001CD094 /* SportKozarTests.swift */ = {isa = PBXFileReference; lastKnownFileType = sourcecode.swift; path = SportKozarTests.swift; sourceTree = "<group>"; };
		4D7B4EB928BAA9CF001CD094 /* SportKozarUITests.xctest */ = {isa = PBXFileReference; explicitFileType = wrapper.cfbundle; includeInIndex = 0; path = SportKozarUITests.xctest; sourceTree = BUILT_PRODUCTS_DIR; };
		4D7B4EBD28BAA9CF001CD094 /* SportKozarUITests.swift */ = {isa = PBXFileReference; lastKnownFileType = sourcecode.swift; path = SportKozarUITests.swift; sourceTree = "<group>"; };
		4D7B4EBF28BAA9CF001CD094 /* SportKozarUITestsLaunchTests.swift */ = {isa = PBXFileReference; lastKnownFileType = sourcecode.swift; path = SportKozarUITestsLaunchTests.swift; sourceTree = "<group>"; };
/* End PBXFileReference section */

/* Begin PBXFrameworksBuildPhase section */
		4D7B4E9628BAA9CE001CD094 /* Frameworks */ = {
			isa = PBXFrameworksBuildPhase;
			buildActionMask = 2147483647;
			files = (
			);
			runOnlyForDeploymentPostprocessing = 0;
		};
		4D7B4EAC28BAA9CF001CD094 /* Frameworks */ = {
			isa = PBXFrameworksBuildPhase;
			buildActionMask = 2147483647;
			files = (
			);
			runOnlyForDeploymentPostprocessing = 0;
		};
		4D7B4EB628BAA9CF001CD094 /* Frameworks */ = {
			isa = PBXFrameworksBuildPhase;
			buildActionMask = 2147483647;
			files = (
			);
			runOnlyForDeploymentPostprocessing = 0;
		};
/* End PBXFrameworksBuildPhase section */

/* Begin PBXGroup section */
		4D7B4E9028BAA9CE001CD094 = {
			isa = PBXGroup;
			children = (
				4D7B4E9B28BAA9CE001CD094 /* SportKozar */,
				4D7B4EB228BAA9CF001CD094 /* SportKozarTests */,
				4D7B4EBC28BAA9CF001CD094 /* SportKozarUITests */,
				4D7B4E9A28BAA9CE001CD094 /* Products */,
			);
			sourceTree = "<group>";
		};
		4D7B4E9A28BAA9CE001CD094 /* Products */ = {
			isa = PBXGroup;
			children = (
				4D7B4E9928BAA9CE001CD094 /* SportKozar.app */,
				4D7B4EAF28BAA9CF001CD094 /* SportKozarTests.xctest */,
				4D7B4EB928BAA9CF001CD094 /* SportKozarUITests.xctest */,
			);
			name = Products;
			sourceTree = "<group>";
		};
		4D7B4E9B28BAA9CE001CD094 /* SportKozar */ = {
			isa = PBXGroup;
			children = (
				4D7B4E9C28BAA9CE001CD094 /* AppDelegate.swift */,
				4D7B4E9E28BAA9CE001CD094 /* SceneDelegate.swift */,
				4D7B4EA028BAA9CE001CD094 /* ViewController.swift */,
				4D7B4EA228BAA9CE001CD094 /* Main.storyboard */,
				4D7B4EA528BAA9CF001CD094 /* Assets.xcassets */,
				4D7B4EA728BAA9CF001CD094 /* LaunchScreen.storyboard */,
				4D7B4EAA28BAA9CF001CD094 /* Info.plist */,
			);
			path = SportKozar;
			sourceTree = "<group>";
		};
		4D7B4EB228BAA9CF001CD094 /* SportKozarTests */ = {
			isa = PBXGroup;
			children = (
				4D7B4EB328BAA9CF001CD094 /* SportKozarTests.swift */,
			);
			path = SportKozarTests;
			sourceTree = "<group>";
		};
		4D7B4EBC28BAA9CF001CD094 /* SportKozarUITests */ = {
			isa = PBXGroup;
			children = (
				4D7B4EBD28BAA9CF001CD094 /* SportKozarUITests.swift */,
				4D7B4EBF28BAA9CF001CD094 /* SportKozarUITestsLaunchTests.swift */,
			);
			path = SportKozarUITests;
			sourceTree = "<group>";
		};
/* End PBXGroup section */

/* Begin PBXNativeTarget section */
		4D7B4E9828BAA9CE001CD094 /* SportKozar */ = {
			isa = PBXNativeTarget;
			buildConfigurationList = 4D7B4EC328BAA9CF001CD094 /* Build configuration list for PBXNativeTarget "SportKozar" */;
			buildPhases = (
				4D7B4E9528BAA9CE001CD094 /* Sources */,
				4D7B4E9628BAA9CE001CD094 /* Frameworks */,
				4D7B4E9728BAA9CE001CD094 /* Resources */,
			);
			buildRules = (
			);
			dependencies = (
			);
			name = SportKozar;
			productName = SportKozar;
			productReference = 4D7B4E9928BAA9CE001CD094 /* SportKozar.app */;
			productType = "com.apple.product-type.application";
		};
		4D7B4EAE28BAA9CF001CD094 /* SportKozarTests */ = {
			isa = PBXNativeTarget;
			buildConfigurationList = 4D7B4EC628BAA9CF001CD094 /* Build configuration list for PBXNativeTarget "SportKozarTests" */;
			buildPhases = (
				4D7B4EAB28BAA9CF001CD094 /* Sources */,
				4D7B4EAC28BAA9CF001CD094 /* Frameworks */,
				4D7B4EAD28BAA9CF001CD094 /* Resources */,
			);
			buildRules = (
			);
			dependencies = (
				4D7B4EB128BAA9CF001CD094 /* PBXTargetDependency */,
			);
			name = SportKozarTests;
			productName = SportKozarTests;
			productReference = 4D7B4EAF28BAA9CF001CD094 /* SportKozarTests.xctest */;
			productType = "com.apple.product-type.bundle.unit-test";
		};
		4D7B4EB828BAA9CF001CD094 /* SportKozarUITests */ = {
			isa = PBXNativeTarget;
			buildConfigurationList = 4D7B4EC928BAA9CF001CD094 /* Build configuration list for PBXNativeTarget "SportKozarUITests" */;
			buildPhases = (
				4D7B4EB528BAA9CF001CD094 /* Sources */,
				4D7B4EB628BAA9CF001CD094 /* Frameworks */,
				4D7B4EB728BAA9CF001CD094 /* Resources */,
			);
			buildRules = (
			);
			dependencies = (
				4D7B4EBB28BAA9CF001CD094 /* PBXTargetDependency */,
			);
			name = SportKozarUITests;
			productName = SportKozarUITests;
			productReference = 4D7B4EB928BAA9CF001CD094 /* SportKozarUITests.xctest */;
			productType = "com.apple.product-type.bundle.ui-testing";
		};
/* End PBXNativeTarget section */

/* Begin PBXProject section */
		4D7B4E9128BAA9CE001CD094 /* Project object */ = {
			isa = PBXProject;
			attributes = {
				BuildIndependentTargetsInParallel = 1;
				LastSwiftUpdateCheck = 1340;
				LastUpgradeCheck = 1340;
				TargetAttributes = {
					4D7B4E9828BAA9CE001CD094 = {
						CreatedOnToolsVersion = 13.4.1;
					};
					4D7B4EAE28BAA9CF001CD094 = {
						CreatedOnToolsVersion = 13.4.1;
						TestTargetID = 4D7B4E9828BAA9CE001CD094;
					};
					4D7B4EB828BAA9CF001CD094 = {
						CreatedOnToolsVersion = 13.4.1;
						TestTargetID = 4D7B4E9828BAA9CE001CD094;
					};
				};
			};
			buildConfigurationList = 4D7B4E9428BAA9CE001CD094 /* Build configuration list for PBXProject "SportKozar" */;
			compatibilityVersion = "Xcode 13.0";
			developmentRegion = en;
			hasScannedForEncodings = 0;
			knownRegions = (
				en,
				Base,
			);
			mainGroup = 4D7B4E9028BAA9CE001CD094;
			productRefGroup = 4D7B4E9A28BAA9CE001CD094 /* Products */;
			projectDirPath = "";
			projectRoot = "";
			targets = (
				4D7B4E9828BAA9CE001CD094 /* SportKozar */,
				4D7B4EAE28BAA9CF001CD094 /* SportKozarTests */,
				4D7B4EB828BAA9CF001CD094 /* SportKozarUITests */,
			);
		};
/* End PBXProject section */

/* Begin PBXResourcesBuildPhase section */
		4D7B4E9728BAA9CE001CD094 /* Resources */ = {
			isa = PBXResourcesBuildPhase;
			buildActionMask = 2147483647;
			files = (
				4D7B4EA928BAA9CF001CD094 /* LaunchScreen.storyboard in Resources */,
				4D7B4EA628BAA9CF001CD094 /* Assets.xcassets in Resources */,
				4D7B4EA428BAA9CE001CD094 /* Main.storyboard in Resources */,
			);
			runOnlyForDeploymentPostprocessing = 0;
		};
		4D7B4EAD28BAA9CF001CD094 /* Resources */ = {
			isa = PBXResourcesBuildPhase;
			buildActionMask = 2147483647;
			files = (
			);
			runOnlyForDeploymentPostprocessing = 0;
		};
		4D7B4EB728BAA9CF001CD094 /* Resources */ = {
			isa = PBXResourcesBuildPhase;
			buildActionMask = 2147483647;
			files = (
			);
			runOnlyForDeploymentPostprocessing = 0;
		};
/* End PBXResourcesBuildPhase section */

/* Begin PBXSourcesBuildPhase section */
		4D7B4E9528BAA9CE001CD094 /* Sources */ = {
			isa = PBXSourcesBuildPhase;
			buildActionMask = 2147483647;
			files = (
				4D7B4EA128BAA9CE001CD094 /* ViewController.swift in Sources */,
				4D7B4E9D28BAA9CE001CD094 /* AppDelegate.swift in Sources */,
				4D7B4E9F28BAA9CE001CD094 /* SceneDelegate.swift in Sources */,
			);
			runOnlyForDeploymentPostprocessing = 0;
		};
		4D7B4EAB28BAA9CF001CD094 /* Sources */ = {
			isa = PBXSourcesBuildPhase;
			buildActionMask = 2147483647;
			files = (
				4D7B4EB428BAA9CF001CD094 /* SportKozarTests.swift in Sources */,
			);
			runOnlyForDeploymentPostprocessing = 0;
		};
		4D7B4EB528BAA9CF001CD094 /* Sources */ = {
			isa = PBXSourcesBuildPhase;
			buildActionMask = 2147483647;
			files = (
				4D7B4EBE28BAA9CF001CD094 /* SportKozarUITests.swift in Sources */,
				4D7B4EC028BAA9CF001CD094 /* SportKozarUITestsLaunchTests.swift in Sources */,
			);
			runOnlyForDeploymentPostprocessing = 0;
		};
/* End PBXSourcesBuildPhase section */

/* Begin PBXTargetDependency section */
		4D7B4EB128BAA9CF001CD094 /* PBXTargetDependency */ = {
			isa = PBXTargetDependency;
			target = 4D7B4E9828BAA9CE001CD094 /* SportKozar */;
			targetProxy = 4D7B4EB028BAA9CF001CD094 /* PBXContainerItemProxy */;
		};
		4D7B4EBB28BAA9CF001CD094 /* PBXTargetDependency */ = {
			isa = PBXTargetDependency;
			target = 4D7B4E9828BAA9CE001CD094 /* SportKozar */;
			targetProxy = 4D7B4EBA28BAA9CF001CD094 /* PBXContainerItemProxy */;
		};
/* End PBXTargetDependency section */

/* Begin PBXVariantGroup section */
		4D7B4EA228BAA9CE001CD094 /* Main.storyboard */ = {
			isa = PBXVariantGroup;
			children = (
				4D7B4EA328BAA9CE001CD094 /* Base */,
			);
			name = Main.storyboard;
			sourceTree = "<group>";
		};
		4D7B4EA728BAA9CF001CD094 /* LaunchScreen.storyboard */ = {
			isa = PBXVariantGroup;
			children = (
				4D7B4EA828BAA9CF001CD094 /* Base */,
			);
			name = LaunchScreen.storyboard;
			sourceTree = "<group>";
		};
/* End PBXVariantGroup section */

/* Begin XCBuildConfiguration section */
		4D7B4EC128BAA9CF001CD094 /* Debug */ = {
			isa = XCBuildConfiguration;
			buildSettings = {
				ALWAYS_SEARCH_USER_PATHS = NO;
				CLANG_ANALYZER_NONNULL = YES;
				CLANG_ANALYZER_NUMBER_OBJECT_CONVERSION = YES_AGGRESSIVE;
				CLANG_CXX_LANGUAGE_STANDARD = "gnu++17";
				CLANG_ENABLE_MODULES = YES;
				CLANG_ENABLE_OBJC_ARC = YES;
				CLANG_ENABLE_OBJC_WEAK = YES;
				CLANG_WARN_BLOCK_CAPTURE_AUTORELEASING = YES;
				CLANG_WARN_BOOL_CONVERSION = YES;
				CLANG_WARN_COMMA = YES;
				CLANG_WARN_CONSTANT_CONVERSION = YES;
				CLANG_WARN_DEPRECATED_OBJC_IMPLEMENTATIONS = YES;
				CLANG_WARN_DIRECT_OBJC_ISA_USAGE = YES_ERROR;
				CLANG_WARN_DOCUMENTATION_COMMENTS = YES;
				CLANG_WARN_EMPTY_BODY = YES;
				CLANG_WARN_ENUM_CONVERSION = YES;
				CLANG_WARN_INFINITE_RECURSION = YES;
				CLANG_WARN_INT_CONVERSION = YES;
				CLANG_WARN_NON_LITERAL_NULL_CONVERSION = YES;
				CLANG_WARN_OBJC_IMPLICIT_RETAIN_SELF = YES;
				CLANG_WARN_OBJC_LITERAL_CONVERSION = YES;
				CLANG_WARN_OBJC_ROOT_CLASS = YES_ERROR;
				CLANG_WARN_QUOTED_INCLUDE_IN_FRAMEWORK_HEADER = YES;
				CLANG_WARN_RANGE_LOOP_ANALYSIS = YES;
				CLANG_WARN_STRICT_PROTOTYPES = YES;
				CLANG_WARN_SUSPICIOUS_MOVE = YES;
				CLANG_WARN_UNGUARDED_AVAILABILITY = YES_AGGRESSIVE;
				CLANG_WARN_UNREACHABLE_CODE = YES;
				CLANG_WARN__DUPLICATE_METHOD_MATCH = YES;
				COPY_PHASE_STRIP = NO;
				DEBUG_INFORMATION_FORMAT = dwarf;
				ENABLE_STRICT_OBJC_MSGSEND = YES;
				ENABLE_TESTABILITY = YES;
				GCC_C_LANGUAGE_STANDARD = gnu11;
				GCC_DYNAMIC_NO_PIC = NO;
				GCC_NO_COMMON_BLOCKS = YES;
				GCC_OPTIMIZATION_LEVEL = 0;
				GCC_PREPROCESSOR_DEFINITIONS = (
					"DEBUG=1",
					"$(inherited)",
				);
				GCC_WARN_64_TO_32_BIT_CONVERSION = YES;
				GCC_WARN_ABOUT_RETURN_TYPE = YES_ERROR;
				GCC_WARN_UNDECLARED_SELECTOR = YES;
				GCC_WARN_UNINITIALIZED_AUTOS = YES_AGGRESSIVE;
				GCC_WARN_UNUSED_FUNCTION = YES;
				GCC_WARN_UNUSED_VARIABLE = YES;
				IPHONEOS_DEPLOYMENT_TARGET = 15.5;
				MTL_ENABLE_DEBUG_INFO = INCLUDE_SOURCE;
				MTL_FAST_MATH = YES;
				ONLY_ACTIVE_ARCH = YES;
				SDKROOT = iphoneos;
				SWIFT_ACTIVE_COMPILATION_CONDITIONS = DEBUG;
				SWIFT_OPTIMIZATION_LEVEL = "-Onone";
			};
			name = Debug;
		};
		4D7B4EC228BAA9CF001CD094 /* Release */ = {
			isa = XCBuildConfiguration;
			buildSettings = {
				ALWAYS_SEARCH_USER_PATHS = NO;
				CLANG_ANALYZER_NONNULL = YES;
				CLANG_ANALYZER_NUMBER_OBJECT_CONVERSION = YES_AGGRESSIVE;
				CLANG_CXX_LANGUAGE_STANDARD = "gnu++17";
				CLANG_ENABLE_MODULES = YES;
				CLANG_ENABLE_OBJC_ARC = YES;
				CLANG_ENABLE_OBJC_WEAK = YES;
				CLANG_WARN_BLOCK_CAPTURE_AUTORELEASING = YES;
				CLANG_WARN_BOOL_CONVERSION = YES;
				CLANG_WARN_COMMA = YES;
				CLANG_WARN_CONSTANT_CONVERSION = YES;
				CLANG_WARN_DEPRECATED_OBJC_IMPLEMENTATIONS = YES;
				CLANG_WARN_DIRECT_OBJC_ISA_USAGE = YES_ERROR;
				CLANG_WARN_DOCUMENTATION_COMMENTS = YES;
				CLANG_WARN_EMPTY_BODY = YES;
				CLANG_WARN_ENUM_CONVERSION = YES;
				CLANG_WARN_INFINITE_RECURSION = YES;
				CLANG_WARN_INT_CONVERSION = YES;
				CLANG_WARN_NON_LITERAL_NULL_CONVERSION = YES;
				CLANG_WARN_OBJC_IMPLICIT_RETAIN_SELF = YES;
				CLANG_WARN_OBJC_LITERAL_CONVERSION = YES;
				CLANG_WARN_OBJC_ROOT_CLASS = YES_ERROR;
				CLANG_WARN_QUOTED_INCLUDE_IN_FRAMEWORK_HEADER = YES;
				CLANG_WARN_RANGE_LOOP_ANALYSIS = YES;
				CLANG_WARN_STRICT_PROTOTYPES = YES;
				CLANG_WARN_SUSPICIOUS_MOVE = YES;
				CLANG_WARN_UNGUARDED_AVAILABILITY = YES_AGGRESSIVE;
				CLANG_WARN_UNREACHABLE_CODE = YES;
				CLANG_WARN__DUPLICATE_METHOD_MATCH = YES;
				COPY_PHASE_STRIP = NO;
				DEBUG_INFORMATION_FORMAT = "dwarf-with-dsym";
				ENABLE_NS_ASSERTIONS = NO;
				ENABLE_STRICT_OBJC_MSGSEND = YES;
				GCC_C_LANGUAGE_STANDARD = gnu11;
				GCC_NO_COMMON_BLOCKS = YES;
				GCC_WARN_64_TO_32_BIT_CONVERSION = YES;
				GCC_WARN_ABOUT_RETURN_TYPE = YES_ERROR;
				GCC_WARN_UNDECLARED_SELECTOR = YES;
				GCC_WARN_UNINITIALIZED_AUTOS = YES_AGGRESSIVE;
				GCC_WARN_UNUSED_FUNCTION = YES;
				GCC_WARN_UNUSED_VARIABLE = YES;
				IPHONEOS_DEPLOYMENT_TARGET = 15.5;
				MTL_ENABLE_DEBUG_INFO = NO;
				MTL_FAST_MATH = YES;
				SDKROOT = iphoneos;
				SWIFT_COMPILATION_MODE = wholemodule;
				SWIFT_OPTIMIZATION_LEVEL = "-O";
				VALIDATE_PRODUCT = YES;
			};
			name = Release;
		};
		4D7B4EC428BAA9CF001CD094 /* Debug */ = {
			isa = XCBuildConfiguration;
			buildSettings = {
				ASSETCATALOG_COMPILER_APPICON_NAME = AppIcon;
				ASSETCATALOG_COMPILER_GLOBAL_ACCENT_COLOR_NAME = AccentColor;
				CODE_SIGN_STYLE = Automatic;
				CURRENT_PROJECT_VERSION = 1;
				DEVELOPMENT_TEAM = 3JQPLE5ZEK;
				GENERATE_INFOPLIST_FILE = YES;
				INFOPLIST_FILE = SportKozar/Info.plist;
				INFOPLIST_KEY_UIApplicationSupportsIndirectInputEvents = YES;
				INFOPLIST_KEY_UILaunchStoryboardName = LaunchScreen;
				INFOPLIST_KEY_UIMainStoryboardFile = Main;
				INFOPLIST_KEY_UISupportedInterfaceOrientations_iPad = "UIInterfaceOrientationPortrait UIInterfaceOrientationPortraitUpsideDown UIInterfaceOrientationLandscapeLeft UIInterfaceOrientationLandscapeRight";
				INFOPLIST_KEY_UISupportedInterfaceOrientations_iPhone = "UIInterfaceOrientationPortrait UIInterfaceOrientationLandscapeLeft UIInterfaceOrientationLandscapeRight";
				LD_RUNPATH_SEARCH_PATHS = (
					"$(inherited)",
					"@executable_path/Frameworks",
				);
				MARKETING_VERSION = 1.0;
				PRODUCT_BUNDLE_IDENTIFIER = com.example.personal.SportKozar;
				PRODUCT_NAME = "$(TARGET_NAME)";
				SWIFT_EMIT_LOC_STRINGS = YES;
				SWIFT_VERSION = 5.0;
				TARGETED_DEVICE_FAMILY = "1,2";
			};
			name = Debug;
		};
		4D7B4EC528BAA9CF001CD094 /* Release */ = {
			isa = XCBuildConfiguration;
			buildSettings = {
				ASSETCATALOG_COMPILER_APPICON_NAME = AppIcon;
				ASSETCATALOG_COMPILER_GLOBAL_ACCENT_COLOR_NAME = AccentColor;
				CODE_SIGN_STYLE = Automatic;
				CURRENT_PROJECT_VERSION = 1;
				DEVELOPMENT_TEAM = 3JQPLE5ZEK;
				GENERATE_INFOPLIST_FILE = YES;
				INFOPLIST_FILE = SportKozar/Info.plist;
				INFOPLIST_KEY_UIApplicationSupportsIndirectInputEvents = YES;
				INFOPLIST_KEY_UILaunchStoryboardName = LaunchScreen;
				INFOPLIST_KEY_UIMainStoryboardFile = Main;
				INFOPLIST_KEY_UISupportedInterfaceOrientations_iPad = "UIInterfaceOrientationPortrait UIInterfaceOrientationPortraitUpsideDown UIInterfaceOrientationLandscapeLeft UIInterfaceOrientationLandscapeRight";
				INFOPLIST_KEY_UISupportedInterfaceOrientations_iPhone = "UIInterfaceOrientationPortrait UIInterfaceOrientationLandscapeLeft UIInterfaceOrientationLandscapeRight";
				LD_RUNPATH_SEARCH_PATHS = (
					"$(inherited)",
					"@executable_path/Frameworks",
				);
				MARKETING_VERSION = 1.0;
				PRODUCT_BUNDLE_IDENTIFIER = com.example.personal.SportKozar;
				PRODUCT_NAME = "$(TARGET_NAME)";
				SWIFT_EMIT_LOC_STRINGS = YES;
				SWIFT_VERSION = 5.0;
				TARGETED_DEVICE_FAMILY = "1,2";
			};
			name = Release;
		};
		4D7B4EC728BAA9CF001CD094 /* Debug */ = {
			isa = XCBuildConfiguration;
			buildSettings = {
				ALWAYS_EMBED_SWIFT_STANDARD_LIBRARIES = YES;
				BUNDLE_LOADER = "$(TEST_HOST)";
				CODE_SIGN_STYLE = Automatic;
				CURRENT_PROJECT_VERSION = 1;
				DEVELOPMENT_TEAM = 3JQPLE5ZEK;
				GENERATE_INFOPLIST_FILE = YES;
				IPHONEOS_DEPLOYMENT_TARGET = 15.5;
				MARKETING_VERSION = 1.0;
				PRODUCT_BUNDLE_IDENTIFIER = com.example.personal.SportKozarTests;
				PRODUCT_NAME = "$(TARGET_NAME)";
				SWIFT_EMIT_LOC_STRINGS = NO;
				SWIFT_VERSION = 5.0;
				TARGETED_DEVICE_FAMILY = "1,2";
				TEST_HOST = "$(BUILT_PRODUCTS_DIR)/SportKozar.app/SportKozar";
			};
			name = Debug;
		};
		4D7B4EC828BAA9CF001CD094 /* Release */ = {
			isa = XCBuildConfiguration;
			buildSettings = {
				ALWAYS_EMBED_SWIFT_STANDARD_LIBRARIES = YES;
				BUNDLE_LOADER = "$(TEST_HOST)";
				CODE_SIGN_STYLE = Automatic;
				CURRENT_PROJECT_VERSION = 1;
				DEVELOPMENT_TEAM = 3JQPLE5ZEK;
				GENERATE_INFOPLIST_FILE = YES;
				IPHONEOS_DEPLOYMENT_TARGET = 15.5;
				MARKETING_VERSION = 1.0;
				PRODUCT_BUNDLE_IDENTIFIER = com.example.personal.SportKozarTests;
				PRODUCT_NAME = "$(TARGET_NAME)";
				SWIFT_EMIT_LOC_STRINGS = NO;
				SWIFT_VERSION = 5.0;
				TARGETED_DEVICE_FAMILY = "1,2";
				TEST_HOST = "$(BUILT_PRODUCTS_DIR)/SportKozar.app/SportKozar";
			};
			name = Release;
		};
		4D7B4ECA28BAA9CF001CD094 /* Debug */ = {
			isa = XCBuildConfiguration;
			buildSettings = {
				ALWAYS_EMBED_SWIFT_STANDARD_LIBRARIES = YES;
				CODE_SIGN_STYLE = Automatic;
				CURRENT_PROJECT_VERSION = 1;
				DEVELOPMENT_TEAM = 3JQPLE5ZEK;
				GENERATE_INFOPLIST_FILE = YES;
				MARKETING_VERSION = 1.0;
				PRODUCT_BUNDLE_IDENTIFIER = com.example.personal.SportKozarUITests;
				PRODUCT_NAME = "$(TARGET_NAME)";
				SWIFT_EMIT_LOC_STRINGS = NO;
				SWIFT_VERSION = 5.0;
				TARGETED_DEVICE_FAMILY = "1,2";
				TEST_TARGET_NAME = SportKozar;
			};
			name = Debug;
		};
		4D7B4ECB28BAA9CF001CD094 /* Release */ = {
			isa = XCBuildConfiguration;
			buildSettings = {
				ALWAYS_EMBED_SWIFT_STANDARD_LIBRARIES = YES;
				CODE_SIGN_STYLE = Automatic;
				CURRENT_PROJECT_VERSION = 1;
				DEVELOPMENT_TEAM = 3JQPLE5ZEK;
				GENERATE_INFOPLIST_FILE = YES;
				MARKETING_VERSION = 1.0;
				PRODUCT_BUNDLE_IDENTIFIER = com.example.personal.SportKozarUITests;
				PRODUCT_NAME = "$(TARGET_NAME)";
				SWIFT_EMIT_LOC_STRINGS = NO;
				SWIFT_VERSION = 5.0;
				TARGETED_DEVICE_FAMILY = "1,2";
				TEST_TARGET_NAME = SportKozar;
			};
			name = Release;
		};
/* End XCBuildConfiguration section */

/* Begin XCConfigurationList section */
		4D7B4E9428BAA9CE001CD094 /* Build configuration list for PBXProject "SportKozar" */ = {
			isa = XCConfigurationList;
			buildConfigurations = (
				4D7B4EC128BAA9CF001CD094 /* Debug */,
				4D7B4EC228BAA9CF001CD094 /* Release */,
			);
			defaultConfigurationIsVisible = 0;
			defaultConfigurationName = Release;
		};
		4D7B4EC328BAA9CF001CD094 /* Build configuration list for PBXNativeTarget "SportKozar" */ = {
			isa = XCConfigurationList;
			buildConfigurations = (
				4D7B4EC428BAA9CF001CD094 /* Debug */,
				4D7B4EC528BAA9CF001CD094 /* Release */,
			);
			defaultConfigurationIsVisible = 0;
			defaultConfigurationName = Release;
		};
		4D7B4EC628BAA9CF001CD094 /* Build configuration list for PBXNativeTarget "SportKozarTests" */ = {
			isa = XCConfigurationList;
			buildConfigurations = (
				4D7B4EC728BAA9CF001CD094 /* Debug */,
				4D7B4EC828BAA9CF001CD094 /* Release */,
			);
			defaultConfigurationIsVisible = 0;
			defaultConfigurationName = Release;
		};
		4D7B4EC928BAA9CF001CD094 /* Build configuration list for PBXNativeTarget "SportKozarUITests" */ = {
			isa = XCConfigurationList;
			buildConfigurations = (
				4D7B4ECA28BAA9CF001CD094 /* Debug */,
				4D7B4ECB28BAA9CF001CD094 /* Release */,
			);
			defaultConfigurationIsVisible = 0;
			defaultConfigurationName = Release;
		};
/* End XCConfigurationList section */
	};
	rootObject = 4D7B4E9128BAA9CE001CD094 /* Project object */;
}
